{
  "name": "ak-cli-eventcenter",
  "version": "0.0.1",
  "lockfileVersion": 1,
  "requires": true,
  "dependencies": {
    "sywac": {
      "version": "1.2.0",
      "resolved": "https://registry.npmjs.org/sywac/-/sywac-1.2.0.tgz",
      "integrity": "sha512-78wpxGqTfJJ8Evfc8YCItmmkcJQ9CwFgCXGeIbzzlfUSJ8UFKTrgWer86ZeSWQCj/NYN8MfFKzrlH1F9jSrlTg=="
    }
  }
}
